// !$*UTF8*$!
{
	archiveVersion = 1;
	classes = {
	};
	objectVersion = 56;
	objects = {

/* Begin PBXBuildFile section */
		8B9184892A59D7A7006FA267 /* SettingsScreen.swift in Sources */ = {isa = PBXBuildFile; fileRef = 8B9184882A59D7A7006FA267 /* SettingsScreen.swift */; };
		8B91848A2A59D7A7006FA267 /* SettingsScreen.swift in Sources */ = {isa = PBXBuildFile; fileRef = 8B9184882A59D7A7006FA267 /* SettingsScreen.swift */; };
		8B91848B2A59D7A7006FA267 /* SettingsScreen.swift in Sources */ = {isa = PBXBuildFile; fileRef = 8B9184882A59D7A7006FA267 /* SettingsScreen.swift */; };
		8B92F2CE2A61AC36003D0464 /* AvailableBuildingsList.swift in Sources */ = {isa = PBXBuildFile; fileRef = 8B92F2CD2A61AC36003D0464 /* AvailableBuildingsList.swift */; };
		8B92F2CF2A61AC36003D0464 /* AvailableBuildingsList.swift in Sources */ = {isa = PBXBuildFile; fileRef = 8B92F2CD2A61AC36003D0464 /* AvailableBuildingsList.swift */; };
		8B92F2D02A61AC36003D0464 /* AvailableBuildingsList.swift in Sources */ = {isa = PBXBuildFile; fileRef = 8B92F2CD2A61AC36003D0464 /* AvailableBuildingsList.swift */; };
		8B92F2D22A61AD20003D0464 /* LocationSelectionScreen.swift in Sources */ = {isa = PBXBuildFile; fileRef = 8B92F2D12A61AD20003D0464 /* LocationSelectionScreen.swift */; };
		8B92F2D32A61AD20003D0464 /* LocationSelectionScreen.swift in Sources */ = {isa = PBXBuildFile; fileRef = 8B92F2D12A61AD20003D0464 /* LocationSelectionScreen.swift */; };
		8B92F2D42A61AD20003D0464 /* LocationSelectionScreen.swift in Sources */ = {isa = PBXBuildFile; fileRef = 8B92F2D12A61AD20003D0464 /* LocationSelectionScreen.swift */; };
		8B92F2D62A61AF2B003D0464 /* Classes.swift in Sources */ = {isa = PBXBuildFile; fileRef = 8B92F2D52A61AF2B003D0464 /* Classes.swift */; };
		8B92F2D72A61AF2B003D0464 /* Classes.swift in Sources */ = {isa = PBXBuildFile; fileRef = 8B92F2D52A61AF2B003D0464 /* Classes.swift */; };
		8B92F2D82A61AF2B003D0464 /* Classes.swift in Sources */ = {isa = PBXBuildFile; fileRef = 8B92F2D52A61AF2B003D0464 /* Classes.swift */; };
		8B92F2E22A61C909003D0464 /* AvailableFeaturesList.swift in Sources */ = {isa = PBXBuildFile; fileRef = 8B92F2E12A61C909003D0464 /* AvailableFeaturesList.swift */; };
		8B92F2E32A61C909003D0464 /* AvailableFeaturesList.swift in Sources */ = {isa = PBXBuildFile; fileRef = 8B92F2E12A61C909003D0464 /* AvailableFeaturesList.swift */; };
		8B92F2E42A61C909003D0464 /* AvailableFeaturesList.swift in Sources */ = {isa = PBXBuildFile; fileRef = 8B92F2E12A61C909003D0464 /* AvailableFeaturesList.swift */; };
		8B97577B2A60D7AA007D65E3 /* BuildingSearchScreen.swift in Sources */ = {isa = PBXBuildFile; fileRef = 8B97577A2A60D7AA007D65E3 /* BuildingSearchScreen.swift */; };
		8B97577C2A60D7AA007D65E3 /* BuildingSearchScreen.swift in Sources */ = {isa = PBXBuildFile; fileRef = 8B97577A2A60D7AA007D65E3 /* BuildingSearchScreen.swift */; };
		8B97577D2A60D7AA007D65E3 /* BuildingSearchScreen.swift in Sources */ = {isa = PBXBuildFile; fileRef = 8B97577A2A60D7AA007D65E3 /* BuildingSearchScreen.swift */; };
		8B97577F2A60D83C007D65E3 /* AvailableSchoolsList.swift in Sources */ = {isa = PBXBuildFile; fileRef = 8B97577E2A60D83C007D65E3 /* AvailableSchoolsList.swift */; };
		8B9757802A60D83C007D65E3 /* AvailableSchoolsList.swift in Sources */ = {isa = PBXBuildFile; fileRef = 8B97577E2A60D83C007D65E3 /* AvailableSchoolsList.swift */; };
		8B9757812A60D83C007D65E3 /* AvailableSchoolsList.swift in Sources */ = {isa = PBXBuildFile; fileRef = 8B97577E2A60D83C007D65E3 /* AvailableSchoolsList.swift */; };
		DD448E6E2A4A8DEF005A9AF6 /* CampusCompassApp.swift in Sources */ = {isa = PBXBuildFile; fileRef = DD448E6D2A4A8DEF005A9AF6 /* CampusCompassApp.swift */; };
		DD448E702A4A8DEF005A9AF6 /* HomeScreen.swift in Sources */ = {isa = PBXBuildFile; fileRef = DD448E6F2A4A8DEF005A9AF6 /* HomeScreen.swift */; };
		DD448E722A4A8DF0005A9AF6 /* Assets.xcassets in Resources */ = {isa = PBXBuildFile; fileRef = DD448E712A4A8DF0005A9AF6 /* Assets.xcassets */; };
		DD448E752A4A8DF0005A9AF6 /* Preview Assets.xcassets in Resources */ = {isa = PBXBuildFile; fileRef = DD448E742A4A8DF0005A9AF6 /* Preview Assets.xcassets */; };
		DD448E7F2A4A8DF0005A9AF6 /* CampusCompassTests.swift in Sources */ = {isa = PBXBuildFile; fileRef = DD448E7E2A4A8DF0005A9AF6 /* CampusCompassTests.swift */; };
		DD448E892A4A8DF0005A9AF6 /* CampusCompassUITests.swift in Sources */ = {isa = PBXBuildFile; fileRef = DD448E882A4A8DF0005A9AF6 /* CampusCompassUITests.swift */; };
		DD448E8B2A4A8DF0005A9AF6 /* CampusCompassUITestsLaunchTests.swift in Sources */ = {isa = PBXBuildFile; fileRef = DD448E8A2A4A8DF0005A9AF6 /* CampusCompassUITestsLaunchTests.swift */; };
/* End PBXBuildFile section */

/* Begin PBXContainerItemProxy section */
		DD448E7B2A4A8DF0005A9AF6 /* PBXContainerItemProxy */ = {
			isa = PBXContainerItemProxy;
			containerPortal = DD448E622A4A8DEF005A9AF6 /* Project object */;
			proxyType = 1;
			remoteGlobalIDString = DD448E692A4A8DEF005A9AF6;
			remoteInfo = CampusCompass;
		};
		DD448E852A4A8DF0005A9AF6 /* PBXContainerItemProxy */ = {
			isa = PBXContainerItemProxy;
			containerPortal = DD448E622A4A8DEF005A9AF6 /* Project object */;
			proxyType = 1;
			remoteGlobalIDString = DD448E692A4A8DEF005A9AF6;
			remoteInfo = CampusCompass;
		};
/* End PBXContainerItemProxy section */

/* Begin PBXFileReference section */
		8B7443FF2A50CB4F00373A9C /* Info.plist */ = {isa = PBXFileReference; lastKnownFileType = text.plist; path = Info.plist; sourceTree = "<group>"; };
		8B9184882A59D7A7006FA267 /* SettingsScreen.swift */ = {isa = PBXFileReference; lastKnownFileType = sourcecode.swift; path = SettingsScreen.swift; sourceTree = "<group>"; };
		8B92F2CD2A61AC36003D0464 /* AvailableBuildingsList.swift */ = {isa = PBXFileReference; lastKnownFileType = sourcecode.swift; path = AvailableBuildingsList.swift; sourceTree = "<group>"; };
		8B92F2D12A61AD20003D0464 /* LocationSelectionScreen.swift */ = {isa = PBXFileReference; lastKnownFileType = sourcecode.swift; path = LocationSelectionScreen.swift; sourceTree = "<group>"; };
		8B92F2D52A61AF2B003D0464 /* Classes.swift */ = {isa = PBXFileReference; lastKnownFileType = sourcecode.swift; path = Classes.swift; sourceTree = "<group>"; };
		8B92F2E12A61C909003D0464 /* AvailableFeaturesList.swift */ = {isa = PBXFileReference; lastKnownFileType = sourcecode.swift; path = AvailableFeaturesList.swift; sourceTree = "<group>"; };
		8B92F2EE2A61E7A0003D0464 /* MessageUI.framework */ = {isa = PBXFileReference; lastKnownFileType = wrapper.framework; name = MessageUI.framework; path = System/Library/Frameworks/MessageUI.framework; sourceTree = SDKROOT; };
		8B92F2F02A61E7AD003D0464 /* MobileCoreServices.framework */ = {isa = PBXFileReference; lastKnownFileType = wrapper.framework; name = MobileCoreServices.framework; path = System/Library/Frameworks/MobileCoreServices.framework; sourceTree = SDKROOT; };
		8B97577A2A60D7AA007D65E3 /* BuildingSearchScreen.swift */ = {isa = PBXFileReference; lastKnownFileType = sourcecode.swift; path = BuildingSearchScreen.swift; sourceTree = "<group>"; };
		8B97577E2A60D83C007D65E3 /* AvailableSchoolsList.swift */ = {isa = PBXFileReference; lastKnownFileType = sourcecode.swift; path = AvailableSchoolsList.swift; sourceTree = "<group>"; };
		DD448E6A2A4A8DEF005A9AF6 /* CampusCompass.app */ = {isa = PBXFileReference; explicitFileType = wrapper.application; includeInIndex = 0; path = CampusCompass.app; sourceTree = BUILT_PRODUCTS_DIR; };
		DD448E6D2A4A8DEF005A9AF6 /* CampusCompassApp.swift */ = {isa = PBXFileReference; lastKnownFileType = sourcecode.swift; path = CampusCompassApp.swift; sourceTree = "<group>"; };
		DD448E6F2A4A8DEF005A9AF6 /* HomeScreen.swift */ = {isa = PBXFileReference; lastKnownFileType = sourcecode.swift; path = HomeScreen.swift; sourceTree = "<group>"; };
		DD448E712A4A8DF0005A9AF6 /* Assets.xcassets */ = {isa = PBXFileReference; lastKnownFileType = folder.assetcatalog; path = Assets.xcassets; sourceTree = "<group>"; };
		DD448E742A4A8DF0005A9AF6 /* Preview Assets.xcassets */ = {isa = PBXFileReference; lastKnownFileType = folder.assetcatalog; path = "Preview Assets.xcassets"; sourceTree = "<group>"; };
		DD448E7A2A4A8DF0005A9AF6 /* CampusCompassTests.xctest */ = {isa = PBXFileReference; explicitFileType = wrapper.cfbundle; includeInIndex = 0; path = CampusCompassTests.xctest; sourceTree = BUILT_PRODUCTS_DIR; };
		DD448E7E2A4A8DF0005A9AF6 /* CampusCompassTests.swift */ = {isa = PBXFileReference; lastKnownFileType = sourcecode.swift; path = CampusCompassTests.swift; sourceTree = "<group>"; };
		DD448E842A4A8DF0005A9AF6 /* CampusCompassUITests.xctest */ = {isa = PBXFileReference; explicitFileType = wrapper.cfbundle; includeInIndex = 0; path = CampusCompassUITests.xctest; sourceTree = BUILT_PRODUCTS_DIR; };
		DD448E882A4A8DF0005A9AF6 /* CampusCompassUITests.swift */ = {isa = PBXFileReference; lastKnownFileType = sourcecode.swift; path = CampusCompassUITests.swift; sourceTree = "<group>"; };
		DD448E8A2A4A8DF0005A9AF6 /* CampusCompassUITestsLaunchTests.swift */ = {isa = PBXFileReference; lastKnownFileType = sourcecode.swift; path = CampusCompassUITestsLaunchTests.swift; sourceTree = "<group>"; };
		DD5A1ACA2A4CC023002A3DD4 /* CampusCompass.xctestplan */ = {isa = PBXFileReference; lastKnownFileType = text; path = CampusCompass.xctestplan; sourceTree = "<group>"; };
/* End PBXFileReference section */

/* Begin PBXFrameworksBuildPhase section */
		DD448E672A4A8DEF005A9AF6 /* Frameworks */ = {
			isa = PBXFrameworksBuildPhase;
			buildActionMask = 2147483647;
			files = (
			);
			runOnlyForDeploymentPostprocessing = 0;
		};
		DD448E772A4A8DF0005A9AF6 /* Frameworks */ = {
			isa = PBXFrameworksBuildPhase;
			buildActionMask = 2147483647;
			files = (
			);
			runOnlyForDeploymentPostprocessing = 0;
		};
		DD448E812A4A8DF0005A9AF6 /* Frameworks */ = {
			isa = PBXFrameworksBuildPhase;
			buildActionMask = 2147483647;
			files = (
			);
			runOnlyForDeploymentPostprocessing = 0;
		};
/* End PBXFrameworksBuildPhase section */

/* Begin PBXGroup section */
		8B92F2ED2A61E7A0003D0464 /* Frameworks */ = {
			isa = PBXGroup;
			children = (
				8B92F2F02A61E7AD003D0464 /* MobileCoreServices.framework */,
				8B92F2EE2A61E7A0003D0464 /* MessageUI.framework */,
			);
			name = Frameworks;
			sourceTree = "<group>";
		};
		DD448E612A4A8DEF005A9AF6 = {
			isa = PBXGroup;
			children = (
				DD5A1ACA2A4CC023002A3DD4 /* CampusCompass.xctestplan */,
				DD448E6C2A4A8DEF005A9AF6 /* CampusCompass */,
				DD448E7D2A4A8DF0005A9AF6 /* CampusCompassTests */,
				DD448E872A4A8DF0005A9AF6 /* CampusCompassUITests */,
				DD448E6B2A4A8DEF005A9AF6 /* Products */,
				8B92F2ED2A61E7A0003D0464 /* Frameworks */,
			);
			sourceTree = "<group>";
		};
		DD448E6B2A4A8DEF005A9AF6 /* Products */ = {
			isa = PBXGroup;
			children = (
				DD448E6A2A4A8DEF005A9AF6 /* CampusCompass.app */,
				DD448E7A2A4A8DF0005A9AF6 /* CampusCompassTests.xctest */,
				DD448E842A4A8DF0005A9AF6 /* CampusCompassUITests.xctest */,
			);
			name = Products;
			sourceTree = "<group>";
		};
		DD448E6C2A4A8DEF005A9AF6 /* CampusCompass */ = {
			isa = PBXGroup;
			children = (
				8B7443FF2A50CB4F00373A9C /* Info.plist */,
				DD448E6D2A4A8DEF005A9AF6 /* CampusCompassApp.swift */,
				8B92F2D52A61AF2B003D0464 /* Classes.swift */,
				DD448E6F2A4A8DEF005A9AF6 /* HomeScreen.swift */,
				8B97577E2A60D83C007D65E3 /* AvailableSchoolsList.swift */,
				8B92F2E12A61C909003D0464 /* AvailableFeaturesList.swift */,
				8B92F2CD2A61AC36003D0464 /* AvailableBuildingsList.swift */,
				8B92F2D12A61AD20003D0464 /* LocationSelectionScreen.swift */,
				8B97577A2A60D7AA007D65E3 /* BuildingSearchScreen.swift */,
				8B9184882A59D7A7006FA267 /* SettingsScreen.swift */,
				DD448E712A4A8DF0005A9AF6 /* Assets.xcassets */,
				DD448E732A4A8DF0005A9AF6 /* Preview Content */,
			);
			path = CampusCompass;
			sourceTree = "<group>";
		};
		DD448E732A4A8DF0005A9AF6 /* Preview Content */ = {
			isa = PBXGroup;
			children = (
				DD448E742A4A8DF0005A9AF6 /* Preview Assets.xcassets */,
			);
			path = "Preview Content";
			sourceTree = "<group>";
		};
		DD448E7D2A4A8DF0005A9AF6 /* CampusCompassTests */ = {
			isa = PBXGroup;
			children = (
				DD448E7E2A4A8DF0005A9AF6 /* CampusCompassTests.swift */,
			);
			path = CampusCompassTests;
			sourceTree = "<group>";
		};
		DD448E872A4A8DF0005A9AF6 /* CampusCompassUITests */ = {
			isa = PBXGroup;
			children = (
				DD448E882A4A8DF0005A9AF6 /* CampusCompassUITests.swift */,
				DD448E8A2A4A8DF0005A9AF6 /* CampusCompassUITestsLaunchTests.swift */,
			);
			path = CampusCompassUITests;
			sourceTree = "<group>";
		};
/* End PBXGroup section */

/* Begin PBXNativeTarget section */
		DD448E692A4A8DEF005A9AF6 /* CampusCompass */ = {
			isa = PBXNativeTarget;
			buildConfigurationList = DD448E8E2A4A8DF0005A9AF6 /* Build configuration list for PBXNativeTarget "CampusCompass" */;
			buildPhases = (
				DD448E662A4A8DEF005A9AF6 /* Sources */,
				DD448E672A4A8DEF005A9AF6 /* Frameworks */,
				DD448E682A4A8DEF005A9AF6 /* Resources */,
			);
			buildRules = (
			);
			dependencies = (
			);
			name = CampusCompass;
			productName = CampusCompass;
			productReference = DD448E6A2A4A8DEF005A9AF6 /* CampusCompass.app */;
			productType = "com.apple.product-type.application";
		};
		DD448E792A4A8DF0005A9AF6 /* CampusCompassTests */ = {
			isa = PBXNativeTarget;
			buildConfigurationList = DD448E912A4A8DF0005A9AF6 /* Build configuration list for PBXNativeTarget "CampusCompassTests" */;
			buildPhases = (
				DD448E762A4A8DF0005A9AF6 /* Sources */,
				DD448E772A4A8DF0005A9AF6 /* Frameworks */,
				DD448E782A4A8DF0005A9AF6 /* Resources */,
			);
			buildRules = (
			);
			dependencies = (
				DD448E7C2A4A8DF0005A9AF6 /* PBXTargetDependency */,
			);
			name = CampusCompassTests;
			productName = CampusCompassTests;
			productReference = DD448E7A2A4A8DF0005A9AF6 /* CampusCompassTests.xctest */;
			productType = "com.apple.product-type.bundle.unit-test";
		};
		DD448E832A4A8DF0005A9AF6 /* CampusCompassUITests */ = {
			isa = PBXNativeTarget;
			buildConfigurationList = DD448E942A4A8DF0005A9AF6 /* Build configuration list for PBXNativeTarget "CampusCompassUITests" */;
			buildPhases = (
				DD448E802A4A8DF0005A9AF6 /* Sources */,
				DD448E812A4A8DF0005A9AF6 /* Frameworks */,
				DD448E822A4A8DF0005A9AF6 /* Resources */,
			);
			buildRules = (
			);
			dependencies = (
				DD448E862A4A8DF0005A9AF6 /* PBXTargetDependency */,
			);
			name = CampusCompassUITests;
			productName = CampusCompassUITests;
			productReference = DD448E842A4A8DF0005A9AF6 /* CampusCompassUITests.xctest */;
			productType = "com.apple.product-type.bundle.ui-testing";
		};
/* End PBXNativeTarget section */

/* Begin PBXProject section */
		DD448E622A4A8DEF005A9AF6 /* Project object */ = {
			isa = PBXProject;
			attributes = {
				BuildIndependentTargetsInParallel = 1;
				LastSwiftUpdateCheck = 1430;
				LastUpgradeCheck = 1430;
				TargetAttributes = {
					DD448E692A4A8DEF005A9AF6 = {
						CreatedOnToolsVersion = 14.3.1;
					};
					DD448E792A4A8DF0005A9AF6 = {
						CreatedOnToolsVersion = 14.3.1;
						TestTargetID = DD448E692A4A8DEF005A9AF6;
					};
					DD448E832A4A8DF0005A9AF6 = {
						CreatedOnToolsVersion = 14.3.1;
						TestTargetID = DD448E692A4A8DEF005A9AF6;
					};
				};
			};
			buildConfigurationList = DD448E652A4A8DEF005A9AF6 /* Build configuration list for PBXProject "CampusCompass" */;
			compatibilityVersion = "Xcode 14.0";
			developmentRegion = en;
			hasScannedForEncodings = 0;
			knownRegions = (
				en,
				Base,
			);
			mainGroup = DD448E612A4A8DEF005A9AF6;
			productRefGroup = DD448E6B2A4A8DEF005A9AF6 /* Products */;
			projectDirPath = "";
			projectRoot = "";
			targets = (
				DD448E692A4A8DEF005A9AF6 /* CampusCompass */,
				DD448E792A4A8DF0005A9AF6 /* CampusCompassTests */,
				DD448E832A4A8DF0005A9AF6 /* CampusCompassUITests */,
			);
		};
/* End PBXProject section */

/* Begin PBXResourcesBuildPhase section */
		DD448E682A4A8DEF005A9AF6 /* Resources */ = {
			isa = PBXResourcesBuildPhase;
			buildActionMask = 2147483647;
			files = (
				DD448E752A4A8DF0005A9AF6 /* Preview Assets.xcassets in Resources */,
				DD448E722A4A8DF0005A9AF6 /* Assets.xcassets in Resources */,
			);
			runOnlyForDeploymentPostprocessing = 0;
		};
		DD448E782A4A8DF0005A9AF6 /* Resources */ = {
			isa = PBXResourcesBuildPhase;
			buildActionMask = 2147483647;
			files = (
			);
			runOnlyForDeploymentPostprocessing = 0;
		};
		DD448E822A4A8DF0005A9AF6 /* Resources */ = {
			isa = PBXResourcesBuildPhase;
			buildActionMask = 2147483647;
			files = (
			);
			runOnlyForDeploymentPostprocessing = 0;
		};
/* End PBXResourcesBuildPhase section */

/* Begin PBXSourcesBuildPhase section */
		DD448E662A4A8DEF005A9AF6 /* Sources */ = {
			isa = PBXSourcesBuildPhase;
			buildActionMask = 2147483647;
			files = (
				8B92F2D62A61AF2B003D0464 /* Classes.swift in Sources */,
				8B97577F2A60D83C007D65E3 /* AvailableSchoolsList.swift in Sources */,
				DD448E702A4A8DEF005A9AF6 /* HomeScreen.swift in Sources */,
				DD448E6E2A4A8DEF005A9AF6 /* CampusCompassApp.swift in Sources */,
				8B92F2D22A61AD20003D0464 /* LocationSelectionScreen.swift in Sources */,
				8B92F2CE2A61AC36003D0464 /* AvailableBuildingsList.swift in Sources */,
				8B9184892A59D7A7006FA267 /* SettingsScreen.swift in Sources */,
				8B97577B2A60D7AA007D65E3 /* BuildingSearchScreen.swift in Sources */,
				8B92F2E22A61C909003D0464 /* AvailableFeaturesList.swift in Sources */,
			);
			runOnlyForDeploymentPostprocessing = 0;
		};
		DD448E762A4A8DF0005A9AF6 /* Sources */ = {
			isa = PBXSourcesBuildPhase;
			buildActionMask = 2147483647;
			files = (
				8B9757802A60D83C007D65E3 /* AvailableSchoolsList.swift in Sources */,
				8B92F2D72A61AF2B003D0464 /* Classes.swift in Sources */,
				8B91848A2A59D7A7006FA267 /* SettingsScreen.swift in Sources */,
				DD448E7F2A4A8DF0005A9AF6 /* CampusCompassTests.swift in Sources */,
				8B97577C2A60D7AA007D65E3 /* BuildingSearchScreen.swift in Sources */,
				8B92F2CF2A61AC36003D0464 /* AvailableBuildingsList.swift in Sources */,
				8B92F2E32A61C909003D0464 /* AvailableFeaturesList.swift in Sources */,
				8B92F2D32A61AD20003D0464 /* LocationSelectionScreen.swift in Sources */,
			);
			runOnlyForDeploymentPostprocessing = 0;
		};
		DD448E802A4A8DF0005A9AF6 /* Sources */ = {
			isa = PBXSourcesBuildPhase;
			buildActionMask = 2147483647;
			files = (
				DD448E8B2A4A8DF0005A9AF6 /* CampusCompassUITestsLaunchTests.swift in Sources */,
				8B92F2D82A61AF2B003D0464 /* Classes.swift in Sources */,
				8B9757812A60D83C007D65E3 /* AvailableSchoolsList.swift in Sources */,
				8B91848B2A59D7A7006FA267 /* SettingsScreen.swift in Sources */,
				8B92F2D42A61AD20003D0464 /* LocationSelectionScreen.swift in Sources */,
				8B92F2D02A61AC36003D0464 /* AvailableBuildingsList.swift in Sources */,
				DD448E892A4A8DF0005A9AF6 /* CampusCompassUITests.swift in Sources */,
				8B97577D2A60D7AA007D65E3 /* BuildingSearchScreen.swift in Sources */,
				8B92F2E42A61C909003D0464 /* AvailableFeaturesList.swift in Sources */,
			);
			runOnlyForDeploymentPostprocessing = 0;
		};
/* End PBXSourcesBuildPhase section */

/* Begin PBXTargetDependency section */
		DD448E7C2A4A8DF0005A9AF6 /* PBXTargetDependency */ = {
			isa = PBXTargetDependency;
			target = DD448E692A4A8DEF005A9AF6 /* CampusCompass */;
			targetProxy = DD448E7B2A4A8DF0005A9AF6 /* PBXContainerItemProxy */;
		};
		DD448E862A4A8DF0005A9AF6 /* PBXTargetDependency */ = {
			isa = PBXTargetDependency;
			target = DD448E692A4A8DEF005A9AF6 /* CampusCompass */;
			targetProxy = DD448E852A4A8DF0005A9AF6 /* PBXContainerItemProxy */;
		};
/* End PBXTargetDependency section */

/* Begin XCBuildConfiguration section */
		DD448E8C2A4A8DF0005A9AF6 /* Debug */ = {
			isa = XCBuildConfiguration;
			buildSettings = {
				ALWAYS_SEARCH_USER_PATHS = NO;
				CLANG_ANALYZER_NONNULL = YES;
				CLANG_ANALYZER_NUMBER_OBJECT_CONVERSION = YES_AGGRESSIVE;
				CLANG_CXX_LANGUAGE_STANDARD = "gnu++20";
				CLANG_ENABLE_MODULES = YES;
				CLANG_ENABLE_OBJC_ARC = YES;
				CLANG_ENABLE_OBJC_WEAK = YES;
				CLANG_WARN_BLOCK_CAPTURE_AUTORELEASING = YES;
				CLANG_WARN_BOOL_CONVERSION = YES;
				CLANG_WARN_COMMA = YES;
				CLANG_WARN_CONSTANT_CONVERSION = YES;
				CLANG_WARN_DEPRECATED_OBJC_IMPLEMENTATIONS = YES;
				CLANG_WARN_DIRECT_OBJC_ISA_USAGE = YES_ERROR;
				CLANG_WARN_DOCUMENTATION_COMMENTS = YES;
				CLANG_WARN_EMPTY_BODY = YES;
				CLANG_WARN_ENUM_CONVERSION = YES;
				CLANG_WARN_INFINITE_RECURSION = YES;
				CLANG_WARN_INT_CONVERSION = YES;
				CLANG_WARN_NON_LITERAL_NULL_CONVERSION = YES;
				CLANG_WARN_OBJC_IMPLICIT_RETAIN_SELF = YES;
				CLANG_WARN_OBJC_LITERAL_CONVERSION = YES;
				CLANG_WARN_OBJC_ROOT_CLASS = YES_ERROR;
				CLANG_WARN_QUOTED_INCLUDE_IN_FRAMEWORK_HEADER = YES;
				CLANG_WARN_RANGE_LOOP_ANALYSIS = YES;
				CLANG_WARN_STRICT_PROTOTYPES = YES;
				CLANG_WARN_SUSPICIOUS_MOVE = YES;
				CLANG_WARN_UNGUARDED_AVAILABILITY = YES_AGGRESSIVE;
				CLANG_WARN_UNREACHABLE_CODE = YES;
				CLANG_WARN__DUPLICATE_METHOD_MATCH = YES;
				COPY_PHASE_STRIP = NO;
				DEBUG_INFORMATION_FORMAT = dwarf;
				ENABLE_STRICT_OBJC_MSGSEND = YES;
				ENABLE_TESTABILITY = YES;
				GCC_C_LANGUAGE_STANDARD = gnu11;
				GCC_DYNAMIC_NO_PIC = NO;
				GCC_NO_COMMON_BLOCKS = YES;
				GCC_OPTIMIZATION_LEVEL = 0;
				GCC_PREPROCESSOR_DEFINITIONS = (
					"DEBUG=1",
					"$(inherited)",
				);
				GCC_WARN_64_TO_32_BIT_CONVERSION = YES;
				GCC_WARN_ABOUT_RETURN_TYPE = YES_ERROR;
				GCC_WARN_UNDECLARED_SELECTOR = YES;
				GCC_WARN_UNINITIALIZED_AUTOS = YES_AGGRESSIVE;
				GCC_WARN_UNUSED_FUNCTION = YES;
				GCC_WARN_UNUSED_VARIABLE = YES;
				IPHONEOS_DEPLOYMENT_TARGET = 16.4;
				MTL_ENABLE_DEBUG_INFO = INCLUDE_SOURCE;
				MTL_FAST_MATH = YES;
				ONLY_ACTIVE_ARCH = YES;
				SDKROOT = iphoneos;
				SWIFT_ACTIVE_COMPILATION_CONDITIONS = DEBUG;
				SWIFT_OPTIMIZATION_LEVEL = "-Onone";
			};
			name = Debug;
		};
		DD448E8D2A4A8DF0005A9AF6 /* Release */ = {
			isa = XCBuildConfiguration;
			buildSettings = {
				ALWAYS_SEARCH_USER_PATHS = NO;
				CLANG_ANALYZER_NONNULL = YES;
				CLANG_ANALYZER_NUMBER_OBJECT_CONVERSION = YES_AGGRESSIVE;
				CLANG_CXX_LANGUAGE_STANDARD = "gnu++20";
				CLANG_ENABLE_MODULES = YES;
				CLANG_ENABLE_OBJC_ARC = YES;
				CLANG_ENABLE_OBJC_WEAK = YES;
				CLANG_WARN_BLOCK_CAPTURE_AUTORELEASING = YES;
				CLANG_WARN_BOOL_CONVERSION = YES;
				CLANG_WARN_COMMA = YES;
				CLANG_WARN_CONSTANT_CONVERSION = YES;
				CLANG_WARN_DEPRECATED_OBJC_IMPLEMENTATIONS = YES;
				CLANG_WARN_DIRECT_OBJC_ISA_USAGE = YES_ERROR;
				CLANG_WARN_DOCUMENTATION_COMMENTS = YES;
				CLANG_WARN_EMPTY_BODY = YES;
				CLANG_WARN_ENUM_CONVERSION = YES;
				CLANG_WARN_INFINITE_RECURSION = YES;
				CLANG_WARN_INT_CONVERSION = YES;
				CLANG_WARN_NON_LITERAL_NULL_CONVERSION = YES;
				CLANG_WARN_OBJC_IMPLICIT_RETAIN_SELF = YES;
				CLANG_WARN_OBJC_LITERAL_CONVERSION = YES;
				CLANG_WARN_OBJC_ROOT_CLASS = YES_ERROR;
				CLANG_WARN_QUOTED_INCLUDE_IN_FRAMEWORK_HEADER = YES;
				CLANG_WARN_RANGE_LOOP_ANALYSIS = YES;
				CLANG_WARN_STRICT_PROTOTYPES = YES;
				CLANG_WARN_SUSPICIOUS_MOVE = YES;
				CLANG_WARN_UNGUARDED_AVAILABILITY = YES_AGGRESSIVE;
				CLANG_WARN_UNREACHABLE_CODE = YES;
				CLANG_WARN__DUPLICATE_METHOD_MATCH = YES;
				COPY_PHASE_STRIP = NO;
				DEBUG_INFORMATION_FORMAT = "dwarf-with-dsym";
				ENABLE_NS_ASSERTIONS = NO;
				ENABLE_STRICT_OBJC_MSGSEND = YES;
				GCC_C_LANGUAGE_STANDARD = gnu11;
				GCC_NO_COMMON_BLOCKS = YES;
				GCC_WARN_64_TO_32_BIT_CONVERSION = YES;
				GCC_WARN_ABOUT_RETURN_TYPE = YES_ERROR;
				GCC_WARN_UNDECLARED_SELECTOR = YES;
				GCC_WARN_UNINITIALIZED_AUTOS = YES_AGGRESSIVE;
				GCC_WARN_UNUSED_FUNCTION = YES;
				GCC_WARN_UNUSED_VARIABLE = YES;
				IPHONEOS_DEPLOYMENT_TARGET = 16.4;
				MTL_ENABLE_DEBUG_INFO = NO;
				MTL_FAST_MATH = YES;
				SDKROOT = iphoneos;
				SWIFT_COMPILATION_MODE = wholemodule;
				SWIFT_OPTIMIZATION_LEVEL = "-O";
				VALIDATE_PRODUCT = YES;
			};
			name = Release;
		};
		DD448E8F2A4A8DF0005A9AF6 /* Debug */ = {
			isa = XCBuildConfiguration;
			buildSettings = {
				ASSETCATALOG_COMPILER_APPICON_NAME = AppIcon;
				ASSETCATALOG_COMPILER_GLOBAL_ACCENT_COLOR_NAME = AccentColor;
				CODE_SIGN_STYLE = Automatic;
				CURRENT_PROJECT_VERSION = 1;
				DEVELOPMENT_ASSET_PATHS = "\"CampusCompass/Preview Content\"";
				DEVELOPMENT_TEAM = 7G6XFYNVM6;
				ENABLE_PREVIEWS = YES;
				GENERATE_INFOPLIST_FILE = YES;
				INFOPLIST_FILE = CampusCompass/Info.plist;
				INFOPLIST_KEY_UIApplicationSceneManifest_Generation = YES;
				INFOPLIST_KEY_UIApplicationSupportsIndirectInputEvents = YES;
				INFOPLIST_KEY_UISupportedInterfaceOrientations_iPad = "UIInterfaceOrientationPortrait UIInterfaceOrientationPortraitUpsideDown UIInterfaceOrientationLandscapeLeft UIInterfaceOrientationLandscapeRight";
				INFOPLIST_KEY_UISupportedInterfaceOrientations_iPhone = "UIInterfaceOrientationPortrait UIInterfaceOrientationLandscapeLeft UIInterfaceOrientationLandscapeRight";
				LD_RUNPATH_SEARCH_PATHS = (
					"$(inherited)",
					"@executable_path/Frameworks",
				);
				MARKETING_VERSION = 1.0;
				PRODUCT_BUNDLE_IDENTIFIER = edu.uc.kovaciad.CampusCompass;
				PRODUCT_NAME = "$(TARGET_NAME)";
				SWIFT_EMIT_LOC_STRINGS = YES;
				SWIFT_VERSION = 5.0;
				TARGETED_DEVICE_FAMILY = "1,2";
			};
			name = Debug;
		};
		DD448E902A4A8DF0005A9AF6 /* Release */ = {
			isa = XCBuildConfiguration;
			buildSettings = {
				ASSETCATALOG_COMPILER_APPICON_NAME = AppIcon;
				ASSETCATALOG_COMPILER_GLOBAL_ACCENT_COLOR_NAME = AccentColor;
				CODE_SIGN_STYLE = Automatic;
				CURRENT_PROJECT_VERSION = 1;
				DEVELOPMENT_ASSET_PATHS = "\"CampusCompass/Preview Content\"";
				DEVELOPMENT_TEAM = 7G6XFYNVM6;
				ENABLE_PREVIEWS = YES;
				GENERATE_INFOPLIST_FILE = YES;
				INFOPLIST_FILE = CampusCompass/Info.plist;
				INFOPLIST_KEY_UIApplicationSceneManifest_Generation = YES;
				INFOPLIST_KEY_UIApplicationSupportsIndirectInputEvents = YES;
				INFOPLIST_KEY_UISupportedInterfaceOrientations_iPad = "UIInterfaceOrientationPortrait UIInterfaceOrientationPortraitUpsideDown UIInterfaceOrientationLandscapeLeft UIInterfaceOrientationLandscapeRight";
				INFOPLIST_KEY_UISupportedInterfaceOrientations_iPhone = "UIInterfaceOrientationPortrait UIInterfaceOrientationLandscapeLeft UIInterfaceOrientationLandscapeRight";
				LD_RUNPATH_SEARCH_PATHS = (
					"$(inherited)",
					"@executable_path/Frameworks",
				);
				MARKETING_VERSION = 1.0;
				PRODUCT_BUNDLE_IDENTIFIER = edu.uc.kovaciad.CampusCompass;
				PRODUCT_NAME = "$(TARGET_NAME)";
				SWIFT_EMIT_LOC_STRINGS = YES;
				SWIFT_VERSION = 5.0;
				TARGETED_DEVICE_FAMILY = "1,2";
			};
			name = Release;
		};
		DD448E922A4A8DF0005A9AF6 /* Debug */ = {
			isa = XCBuildConfiguration;
			buildSettings = {
				ALWAYS_EMBED_SWIFT_STANDARD_LIBRARIES = YES;
				BUNDLE_LOADER = "$(TEST_HOST)";
				CODE_SIGN_STYLE = Automatic;
				CURRENT_PROJECT_VERSION = 1;
				DEVELOPMENT_TEAM = 7G6XFYNVM6;
				GENERATE_INFOPLIST_FILE = YES;
				IPHONEOS_DEPLOYMENT_TARGET = 16.4;
				MARKETING_VERSION = 1.0;
				PRODUCT_BUNDLE_IDENTIFIER = edu.uc.kovaciad.CampusCompassTests;
				PRODUCT_NAME = "$(TARGET_NAME)";
				SWIFT_EMIT_LOC_STRINGS = NO;
				SWIFT_VERSION = 5.0;
				TARGETED_DEVICE_FAMILY = "1,2";
				TEST_HOST = "$(BUILT_PRODUCTS_DIR)/CampusCompass.app/$(BUNDLE_EXECUTABLE_FOLDER_PATH)/CampusCompass";
			};
			name = Debug;
		};
		DD448E932A4A8DF0005A9AF6 /* Release */ = {
			isa = XCBuildConfiguration;
			buildSettings = {
				ALWAYS_EMBED_SWIFT_STANDARD_LIBRARIES = YES;
				BUNDLE_LOADER = "$(TEST_HOST)";
				CODE_SIGN_STYLE = Automatic;
				CURRENT_PROJECT_VERSION = 1;
				DEVELOPMENT_TEAM = 7G6XFYNVM6;
				GENERATE_INFOPLIST_FILE = YES;
				IPHONEOS_DEPLOYMENT_TARGET = 16.4;
				MARKETING_VERSION = 1.0;
				PRODUCT_BUNDLE_IDENTIFIER = edu.uc.kovaciad.CampusCompassTests;
				PRODUCT_NAME = "$(TARGET_NAME)";
				SWIFT_EMIT_LOC_STRINGS = NO;
				SWIFT_VERSION = 5.0;
				TARGETED_DEVICE_FAMILY = "1,2";
				TEST_HOST = "$(BUILT_PRODUCTS_DIR)/CampusCompass.app/$(BUNDLE_EXECUTABLE_FOLDER_PATH)/CampusCompass";
			};
			name = Release;
		};
		DD448E952A4A8DF0005A9AF6 /* Debug */ = {
			isa = XCBuildConfiguration;
			buildSettings = {
				ALWAYS_EMBED_SWIFT_STANDARD_LIBRARIES = YES;
				CODE_SIGN_STYLE = Automatic;
				CURRENT_PROJECT_VERSION = 1;
				DEVELOPMENT_TEAM = 7G6XFYNVM6;
				GENERATE_INFOPLIST_FILE = YES;
				MARKETING_VERSION = 1.0;
				PRODUCT_BUNDLE_IDENTIFIER = edu.uc.kovaciad.CampusCompassUITests;
				PRODUCT_NAME = "$(TARGET_NAME)";
				SWIFT_EMIT_LOC_STRINGS = NO;
				SWIFT_VERSION = 5.0;
				TARGETED_DEVICE_FAMILY = "1,2";
				TEST_TARGET_NAME = CampusCompass;
			};
			name = Debug;
		};
		DD448E962A4A8DF0005A9AF6 /* Release */ = {
			isa = XCBuildConfiguration;
			buildSettings = {
				ALWAYS_EMBED_SWIFT_STANDARD_LIBRARIES = YES;
				CODE_SIGN_STYLE = Automatic;
				CURRENT_PROJECT_VERSION = 1;
				DEVELOPMENT_TEAM = 7G6XFYNVM6;
				GENERATE_INFOPLIST_FILE = YES;
				MARKETING_VERSION = 1.0;
				PRODUCT_BUNDLE_IDENTIFIER = edu.uc.kovaciad.CampusCompassUITests;
				PRODUCT_NAME = "$(TARGET_NAME)";
				SWIFT_EMIT_LOC_STRINGS = NO;
				SWIFT_VERSION = 5.0;
				TARGETED_DEVICE_FAMILY = "1,2";
				TEST_TARGET_NAME = CampusCompass;
			};
			name = Release;
		};
/* End XCBuildConfiguration section */

/* Begin XCConfigurationList section */
		DD448E652A4A8DEF005A9AF6 /* Build configuration list for PBXProject "CampusCompass" */ = {
			isa = XCConfigurationList;
			buildConfigurations = (
				DD448E8C2A4A8DF0005A9AF6 /* Debug */,
				DD448E8D2A4A8DF0005A9AF6 /* Release */,
			);
			defaultConfigurationIsVisible = 0;
			defaultConfigurationName = Release;
		};
		DD448E8E2A4A8DF0005A9AF6 /* Build configuration list for PBXNativeTarget "CampusCompass" */ = {
			isa = XCConfigurationList;
			buildConfigurations = (
				DD448E8F2A4A8DF0005A9AF6 /* Debug */,
				DD448E902A4A8DF0005A9AF6 /* Release */,
			);
			defaultConfigurationIsVisible = 0;
			defaultConfigurationName = Release;
		};
		DD448E912A4A8DF0005A9AF6 /* Build configuration list for PBXNativeTarget "CampusCompassTests" */ = {
			isa = XCConfigurationList;
			buildConfigurations = (
				DD448E922A4A8DF0005A9AF6 /* Debug */,
				DD448E932A4A8DF0005A9AF6 /* Release */,
			);
			defaultConfigurationIsVisible = 0;
			defaultConfigurationName = Release;
		};
		DD448E942A4A8DF0005A9AF6 /* Build configuration list for PBXNativeTarget "CampusCompassUITests" */ = {
			isa = XCConfigurationList;
			buildConfigurations = (
				DD448E952A4A8DF0005A9AF6 /* Debug */,
				DD448E962A4A8DF0005A9AF6 /* Release */,
			);
			defaultConfigurationIsVisible = 0;
			defaultConfigurationName = Release;
		};
/* End XCConfigurationList section */
	};
	rootObject = DD448E622A4A8DEF005A9AF6 /* Project object */;
}
